
Microsoft Visual Studio Solution File, Format Version 12.00
# Visual Studio Version 16
VisualStudioVersion = 16.0.30804.86
MinimumVisualStudioVersion = 10.0.40219.1
Project("{FAE04EC0-301F-11D3-BF4B-00C04F79EFBC}") = "AdvancedConsole", "AdvancedConsole\AdvancedConsole.csproj", "{087D334A-C303-4E4A-B8AF-CCE4C01E4A8C}"
EndProject
Project("{FAE04EC0-301F-11D3-BF4B-00C04F79EFBC}") = "UsageExample", "UsageExample\UsageExample.csproj", "{C7CD77A3-FE20-48C1-B0AA-C5AC083C8BA9}"
EndProject
Global
	GlobalSection(SolutionConfigurationPlatforms) = preSolution
		Debug|Any CPU = Debug|Any CPU
		Release|Any CPU = Release|Any CPU
	EndGlobalSection
	GlobalSection(ProjectConfigurationPlatforms) = postSolution
		{087D334A-C303-4E4A-B8AF-CCE4C01E4A8C}.Debug|Any CPU.ActiveCfg = Debug|Any CPU
		{087D334A-C303-4E4A-B8AF-CCE4C01E4A8C}.Debug|Any CPU.Build.0 = Debug|Any CPU
		{087D334A-C303-4E4A-B8AF-CCE4C01E4A8C}.Release|Any CPU.ActiveCfg = Release|Any CPU
		{087D334A-C303-4E4A-B8AF-CCE4C01E4A8C}.Release|Any CPU.Build.0 = Release|Any CPU
		{C7CD77A3-FE20-48C1-B0AA-C5AC083C8BA9}.Debug|Any CPU.ActiveCfg = Debug|Any CPU
		{C7CD77A3-FE20-48C1-B0AA-C5AC083C8BA9}.Debug|Any CPU.Build.0 = Debug|Any CPU
		{C7CD77A3-FE20-48C1-B0AA-C5AC083C8BA9}.Release|Any CPU.ActiveCfg = Release|Any CPU
		{C7CD77A3-FE20-48C1-B0AA-C5AC083C8BA9}.Release|Any CPU.Build.0 = Release|Any CPU
	EndGlobalSection
	GlobalSection(SolutionProperties) = preSolution
		HideSolutionNode = FALSE
	EndGlobalSection
	GlobalSection(ExtensibilityGlobals) = postSolution
		SolutionGuid = {DA690A32-6DA0-48B0-80C0-2689512E55D9}
	EndGlobalSection
EndGlobal
